
Microsoft Visual Studio Solution File, Format Version 12.00
# Visual Studio Version 17
VisualStudioVersion = 17.4.33403.182
MinimumVisualStudioVersion = 10.0.40219.1
Project("{FAE04EC0-301F-11D3-BF4B-00C04F79EFBC}") = "ASP.NET_Lab_1", "ASP.NET_Lab_1\ASP.NET_Lab_1.csproj", "{A190310E-6D4D-49B4-8228-75306F53E941}"
EndProject
Global
	GlobalSection(SolutionConfigurationPlatforms) = preSolution
		Debug|Any CPU = Debug|Any CPU
		Release|Any CPU = Release|Any CPU
	EndGlobalSection
	GlobalSection(ProjectConfigurationPlatforms) = postSolution
		{A190310E-6D4D-49B4-8228-75306F53E941}.Debug|Any CPU.ActiveCfg = Debug|Any CPU
		{A190310E-6D4D-49B4-8228-75306F53E941}.Debug|Any CPU.Build.0 = Debug|Any CPU
		{A190310E-6D4D-49B4-8228-75306F53E941}.Release|Any CPU.ActiveCfg = Release|Any CPU
		{A190310E-6D4D-49B4-8228-75306F53E941}.Release|Any CPU.Build.0 = Release|Any CPU
	EndGlobalSection
	GlobalSection(SolutionProperties) = preSolution
		HideSolutionNode = FALSE
	EndGlobalSection
	GlobalSection(ExtensibilityGlobals) = postSolution
		SolutionGuid = {387D42BA-6784-40DE-A7D7-02C57ECFBF3B}
	EndGlobalSection
EndGlobal
